// !$*UTF8*$!
{
	archiveVersion = 1;
	classes = {
	};
	objectVersion = 46;
	objects = {

/* Begin PBXBuildFile section */
		20559CFA198F168800EAB658 /* Cocoa.framework in Frameworks */ = {isa = PBXBuildFile; fileRef = 5199791815B1F92B003AFC57 /* Cocoa.framework */; };
		20559D00198F168800EAB658 /* InfoPlist.strings in Resources */ = {isa = PBXBuildFile; fileRef = 20559CFE198F168800EAB658 /* InfoPlist.strings */; };
		20559D02198F168800EAB658 /* main.m in Sources */ = {isa = PBXBuildFile; fileRef = 20559D01198F168800EAB658 /* main.m */; };
		20559D06198F168800EAB658 /* Credits.rtf in Resources */ = {isa = PBXBuildFile; fileRef = 20559D04198F168800EAB658 /* Credits.rtf */; };
		20559D30198F176300EAB658 /* AppDelegate.m in Sources */ = {isa = PBXBuildFile; fileRef = 20559D2F198F176300EAB658 /* AppDelegate.m */; };
		20559D31198F17B000EAB658 /* MainMenu.xib in Resources */ = {isa = PBXBuildFile; fileRef = 20559D33198F17B000EAB658 /* MainMenu.xib */; };
		20559D35198F184A00EAB658 /* square.icns in Resources */ = {isa = PBXBuildFile; fileRef = 20559D29198F16E700EAB658 /* square.icns */; };
		20559D36198F185A00EAB658 /* ScriptingBridge.framework in Frameworks */ = {isa = PBXBuildFile; fileRef = 5199794115B2F908003AFC57 /* ScriptingBridge.framework */; };
		20559D3C198F1C6400EAB658 /* Cocoa.framework in Frameworks */ = {isa = PBXBuildFile; fileRef = 5199791815B1F92B003AFC57 /* Cocoa.framework */; };
		20559D42198F1C6400EAB658 /* InfoPlist.strings in Resources */ = {isa = PBXBuildFile; fileRef = 20559D40198F1C6400EAB658 /* InfoPlist.strings */; };
		20559D44198F1C6400EAB658 /* main.m in Sources */ = {isa = PBXBuildFile; fileRef = 20559D43198F1C6400EAB658 /* main.m */; };
		20559D48198F1C6400EAB658 /* Credits.rtf in Resources */ = {isa = PBXBuildFile; fileRef = 20559D46198F1C6400EAB658 /* Credits.rtf */; };
		20559D6D198F1CC200EAB658 /* AppDelegate.m in Sources */ = {isa = PBXBuildFile; fileRef = 20559D6C198F1CC200EAB658 /* AppDelegate.m */; };
		20559D6E198F1CE800EAB658 /* MainMenu.xib in Resources */ = {isa = PBXBuildFile; fileRef = 20559D70198F1CE800EAB658 /* MainMenu.xib */; };
		20559D71198F1CFF00EAB658 /* githubpush.icns in Resources */ = {isa = PBXBuildFile; fileRef = 20559D27198F16E700EAB658 /* githubpush.icns */; };
		20559D72198F1D0A00EAB658 /* ScriptingBridge.framework in Frameworks */ = {isa = PBXBuildFile; fileRef = 5199794115B2F908003AFC57 /* ScriptingBridge.framework */; };
		20559D78198F1D4B00EAB658 /* Cocoa.framework in Frameworks */ = {isa = PBXBuildFile; fileRef = 5199791815B1F92B003AFC57 /* Cocoa.framework */; };
		20559D7E198F1D4B00EAB658 /* InfoPlist.strings in Resources */ = {isa = PBXBuildFile; fileRef = 20559D7C198F1D4B00EAB658 /* InfoPlist.strings */; };
		20559D80198F1D4B00EAB658 /* main.m in Sources */ = {isa = PBXBuildFile; fileRef = 20559D7F198F1D4B00EAB658 /* main.m */; };
		20559D84198F1D4B00EAB658 /* Credits.rtf in Resources */ = {isa = PBXBuildFile; fileRef = 20559D82198F1D4B00EAB658 /* Credits.rtf */; };
		20718109191EBED000B685E3 /* MainMenu.xib in Resources */ = {isa = PBXBuildFile; fileRef = 2071810B191EBED000B685E3 /* MainMenu.xib */; };
		207F821F191E049C00F05A03 /* Cocoa.framework in Frameworks */ = {isa = PBXBuildFile; fileRef = 5199791815B1F92B003AFC57 /* Cocoa.framework */; };
		207F8225191E049C00F05A03 /* InfoPlist.strings in Resources */ = {isa = PBXBuildFile; fileRef = 207F8223191E049C00F05A03 /* InfoPlist.strings */; };
		207F8227191E049C00F05A03 /* main.m in Sources */ = {isa = PBXBuildFile; fileRef = 207F8226191E049C00F05A03 /* main.m */; };
		207F822B191E049C00F05A03 /* Credits.rtf in Resources */ = {isa = PBXBuildFile; fileRef = 207F8229191E049C00F05A03 /* Credits.rtf */; };
		207F822E191E049C00F05A03 /* AppDelegate.m in Sources */ = {isa = PBXBuildFile; fileRef = 207F822D191E049C00F05A03 /* AppDelegate.m */; };
		207F824C191E04BF00F05A03 /* ScriptingBridge.framework in Frameworks */ = {isa = PBXBuildFile; fileRef = 5199794115B2F908003AFC57 /* ScriptingBridge.framework */; };
		2081C0B1198F1D99008D9CAD /* AppDelegate.m in Sources */ = {isa = PBXBuildFile; fileRef = 2081C0B0198F1D99008D9CAD /* AppDelegate.m */; };
		2081C0B5198F1DE8008D9CAD /* reddit.icns in Resources */ = {isa = PBXBuildFile; fileRef = 20559D28198F16E700EAB658 /* reddit.icns */; };
		2081C0B6198F1DF4008D9CAD /* ScriptingBridge.framework in Frameworks */ = {isa = PBXBuildFile; fileRef = 5199794115B2F908003AFC57 /* ScriptingBridge.framework */; };
		2081C0BC198F1E38008D9CAD /* Cocoa.framework in Frameworks */ = {isa = PBXBuildFile; fileRef = 5199791815B1F92B003AFC57 /* Cocoa.framework */; };
		2081C0C2198F1E38008D9CAD /* InfoPlist.strings in Resources */ = {isa = PBXBuildFile; fileRef = 2081C0C0198F1E38008D9CAD /* InfoPlist.strings */; };
		2081C0C4198F1E38008D9CAD /* main.m in Sources */ = {isa = PBXBuildFile; fileRef = 2081C0C3198F1E38008D9CAD /* main.m */; };
		2081C0C8198F1E38008D9CAD /* Credits.rtf in Resources */ = {isa = PBXBuildFile; fileRef = 2081C0C6198F1E38008D9CAD /* Credits.rtf */; };
		2081C0EB198F1E6A008D9CAD /* AppDelegate.m in Sources */ = {isa = PBXBuildFile; fileRef = 2081C0EA198F1E6A008D9CAD /* AppDelegate.m */; };
		2081C0EE198F1E7D008D9CAD /* MainMenu.xib in Resources */ = {isa = PBXBuildFile; fileRef = 2081C0F0198F1E7D008D9CAD /* MainMenu.xib */; };
		2081C0F1198F1EC1008D9CAD /* ScriptingBridge.framework in Frameworks */ = {isa = PBXBuildFile; fileRef = 5199794115B2F908003AFC57 /* ScriptingBridge.framework */; };
		2081C0F2198F1F12008D9CAD /* githubpush.icns in Resources */ = {isa = PBXBuildFile; fileRef = 20559D2A198F16E700EAB658 /* githubpush.icns */; };
		2081C0F3198F2069008D9CAD /* MainMenu.xib in Resources */ = {isa = PBXBuildFile; fileRef = 2081C0F5198F2069008D9CAD /* MainMenu.xib */; };
		20C466B41956154A00293C0A /* MainMenu.xib in Resources */ = {isa = PBXBuildFile; fileRef = 20C466B21956154A00293C0A /* MainMenu.xib */; };
		20C466BA1956172700293C0A /* Cocoa.framework in Frameworks */ = {isa = PBXBuildFile; fileRef = 5199791815B1F92B003AFC57 /* Cocoa.framework */; };
		20C466C01956172700293C0A /* InfoPlist.strings in Resources */ = {isa = PBXBuildFile; fileRef = 20C466BE1956172700293C0A /* InfoPlist.strings */; };
		20C466C21956172700293C0A /* main.m in Sources */ = {isa = PBXBuildFile; fileRef = 20C466C11956172700293C0A /* main.m */; };
		20C466C61956172700293C0A /* Credits.rtf in Resources */ = {isa = PBXBuildFile; fileRef = 20C466C41956172700293C0A /* Credits.rtf */; };
		20C466C91956172700293C0A /* AppDelegate.m in Sources */ = {isa = PBXBuildFile; fileRef = 20C466C81956172700293C0A /* AppDelegate.m */; };
		20C466E9195617BD00293C0A /* MainMenu.xib in Resources */ = {isa = PBXBuildFile; fileRef = 20C466E7195617BD00293C0A /* MainMenu.xib */; };
		20C466ED1956188500293C0A /* ifttt.icns in Resources */ = {isa = PBXBuildFile; fileRef = 20C466EC1956188500293C0A /* ifttt.icns */; };
		20C466EE195618A400293C0A /* ScriptingBridge.framework in Frameworks */ = {isa = PBXBuildFile; fileRef = 5199794115B2F908003AFC57 /* ScriptingBridge.framework */; };
		20F229FE195610AA005DB602 /* Cocoa.framework in Frameworks */ = {isa = PBXBuildFile; fileRef = 5199791815B1F92B003AFC57 /* Cocoa.framework */; };
		20F22A04195610AA005DB602 /* InfoPlist.strings in Resources */ = {isa = PBXBuildFile; fileRef = 20F22A02195610AA005DB602 /* InfoPlist.strings */; };
		20F22A06195610AA005DB602 /* main.m in Sources */ = {isa = PBXBuildFile; fileRef = 20F22A05195610AA005DB602 /* main.m */; };
		20F22A0A195610AA005DB602 /* Credits.rtf in Resources */ = {isa = PBXBuildFile; fileRef = 20F22A08195610AA005DB602 /* Credits.rtf */; };
		20F22A0D195610AA005DB602 /* AppDelegate.m in Sources */ = {isa = PBXBuildFile; fileRef = 20F22A0C195610AA005DB602 /* AppDelegate.m */; };
		20F22A2B195610EA005DB602 /* ScriptingBridge.framework in Frameworks */ = {isa = PBXBuildFile; fileRef = 5199794115B2F908003AFC57 /* ScriptingBridge.framework */; };
		20F22A2F1956137A005DB602 /* wellsfargo.icns in Resources */ = {isa = PBXBuildFile; fileRef = 20F22A2E1956137A005DB602 /* wellsfargo.icns */; };
		20F4470C191ED4AD00376455 /* Cocoa.framework in Frameworks */ = {isa = PBXBuildFile; fileRef = 5199791815B1F92B003AFC57 /* Cocoa.framework */; };
		20F44712191ED4AD00376455 /* InfoPlist.strings in Resources */ = {isa = PBXBuildFile; fileRef = 20F44710191ED4AD00376455 /* InfoPlist.strings */; };
		20F44714191ED4AD00376455 /* main.m in Sources */ = {isa = PBXBuildFile; fileRef = 20F44713191ED4AD00376455 /* main.m */; };
		20F44718191ED4AD00376455 /* Credits.rtf in Resources */ = {isa = PBXBuildFile; fileRef = 20F44716191ED4AD00376455 /* Credits.rtf */; };
		20F4471B191ED4AD00376455 /* AppDelegate.m in Sources */ = {isa = PBXBuildFile; fileRef = 20F4471A191ED4AD00376455 /* AppDelegate.m */; };
		20F44740191ED94300376455 /* automatic.icns in Resources */ = {isa = PBXBuildFile; fileRef = 20F4473F191ED94300376455 /* automatic.icns */; };
		20F44742191ED95B00376455 /* starbucks.icns in Resources */ = {isa = PBXBuildFile; fileRef = 20F44741191ED95B00376455 /* starbucks.icns */; };
		20F44743191ED9F100376455 /* ScriptingBridge.framework in Frameworks */ = {isa = PBXBuildFile; fileRef = 5199794115B2F908003AFC57 /* ScriptingBridge.framework */; };
		20F44744191EDB0100376455 /* MainMenu.xib in Resources */ = {isa = PBXBuildFile; fileRef = 20F44746191EDB0100376455 /* MainMenu.xib */; };
/* End PBXBuildFile section */

/* Begin PBXFileReference section */
		20559CF9198F168800EAB658 /* Square.app */ = {isa = PBXFileReference; explicitFileType = wrapper.application; includeInIndex = 0; path = Square.app; sourceTree = BUILT_PRODUCTS_DIR; };
		20559CFD198F168800EAB658 /* Square-Info.plist */ = {isa = PBXFileReference; lastKnownFileType = text.plist.xml; path = "Square-Info.plist"; sourceTree = "<group>"; };
		20559CFF198F168800EAB658 /* en */ = {isa = PBXFileReference; lastKnownFileType = text.plist.strings; name = en; path = en.lproj/InfoPlist.strings; sourceTree = "<group>"; };
		20559D01198F168800EAB658 /* main.m */ = {isa = PBXFileReference; lastKnownFileType = sourcecode.c.objc; path = main.m; sourceTree = "<group>"; };
		20559D03198F168800EAB658 /* Square-Prefix.pch */ = {isa = PBXFileReference; lastKnownFileType = sourcecode.c.h; path = "Square-Prefix.pch"; sourceTree = "<group>"; };
		20559D05198F168800EAB658 /* en */ = {isa = PBXFileReference; lastKnownFileType = text.rtf; name = en; path = en.lproj/Credits.rtf; sourceTree = "<group>"; };
		20559D27198F16E700EAB658 /* githubpush.icns */ = {isa = PBXFileReference; lastKnownFileType = image.icns; name = githubpush.icns; path = GitHub/githubpush.icns; sourceTree = SOURCE_ROOT; };
		20559D28198F16E700EAB658 /* reddit.icns */ = {isa = PBXFileReference; lastKnownFileType = image.icns; name = reddit.icns; path = Reddit/reddit.icns; sourceTree = SOURCE_ROOT; };
		20559D29198F16E700EAB658 /* square.icns */ = {isa = PBXFileReference; lastKnownFileType = image.icns; name = square.icns; path = Square/square.icns; sourceTree = SOURCE_ROOT; };
		20559D2A198F16E700EAB658 /* githubpush.icns */ = {isa = PBXFileReference; lastKnownFileType = image.icns; name = githubpush.icns; path = GitHub/githubpush.icns; sourceTree = SOURCE_ROOT; };
		20559D2D198F174300EAB658 /* AppDelegate.h */ = {isa = PBXFileReference; fileEncoding = 4; lastKnownFileType = sourcecode.c.h; path = AppDelegate.h; sourceTree = "<group>"; };
		20559D2F198F176300EAB658 /* AppDelegate.m */ = {isa = PBXFileReference; fileEncoding = 4; lastKnownFileType = sourcecode.c.objc; path = AppDelegate.m; sourceTree = "<group>"; };
		20559D34198F17BD00EAB658 /* en */ = {isa = PBXFileReference; lastKnownFileType = file.xib; name = en; path = en.lproj/MainMenu.xib; sourceTree = "<group>"; };
		20559D3B198F1C6400EAB658 /* GitHub.app */ = {isa = PBXFileReference; explicitFileType = wrapper.application; includeInIndex = 0; path = GitHub.app; sourceTree = BUILT_PRODUCTS_DIR; };
		20559D3F198F1C6400EAB658 /* GitHub-Info.plist */ = {isa = PBXFileReference; lastKnownFileType = text.plist.xml; path = "GitHub-Info.plist"; sourceTree = "<group>"; };
		20559D41198F1C6400EAB658 /* en */ = {isa = PBXFileReference; lastKnownFileType = text.plist.strings; name = en; path = en.lproj/InfoPlist.strings; sourceTree = "<group>"; };
		20559D43198F1C6400EAB658 /* main.m */ = {isa = PBXFileReference; lastKnownFileType = sourcecode.c.objc; path = main.m; sourceTree = "<group>"; };
		20559D45198F1C6400EAB658 /* GitHub-Prefix.pch */ = {isa = PBXFileReference; lastKnownFileType = sourcecode.c.h; path = "GitHub-Prefix.pch"; sourceTree = "<group>"; };
		20559D47198F1C6400EAB658 /* en */ = {isa = PBXFileReference; lastKnownFileType = text.rtf; name = en; path = en.lproj/Credits.rtf; sourceTree = "<group>"; };
		20559D6B198F1CB300EAB658 /* AppDelegate.h */ = {isa = PBXFileReference; fileEncoding = 4; lastKnownFileType = sourcecode.c.h; path = AppDelegate.h; sourceTree = "<group>"; };
		20559D6C198F1CC200EAB658 /* AppDelegate.m */ = {isa = PBXFileReference; fileEncoding = 4; lastKnownFileType = sourcecode.c.objc; path = AppDelegate.m; sourceTree = "<group>"; };
		20559D6F198F1CE800EAB658 /* en */ = {isa = PBXFileReference; lastKnownFileType = file.xib; name = en; path = en.lproj/MainMenu.xib; sourceTree = "<group>"; };
		20559D77198F1D4B00EAB658 /* Reddit.app */ = {isa = PBXFileReference; explicitFileType = wrapper.application; includeInIndex = 0; path = Reddit.app; sourceTree = BUILT_PRODUCTS_DIR; };
		20559D7B198F1D4B00EAB658 /* Reddit-Info.plist */ = {isa = PBXFileReference; lastKnownFileType = text.plist.xml; path = "Reddit-Info.plist"; sourceTree = "<group>"; };
		20559D7D198F1D4B00EAB658 /* en */ = {isa = PBXFileReference; lastKnownFileType = text.plist.strings; name = en; path = en.lproj/InfoPlist.strings; sourceTree = "<group>"; };
		20559D7F198F1D4B00EAB658 /* main.m */ = {isa = PBXFileReference; lastKnownFileType = sourcecode.c.objc; path = main.m; sourceTree = "<group>"; };
		20559D81198F1D4B00EAB658 /* Reddit-Prefix.pch */ = {isa = PBXFileReference; lastKnownFileType = sourcecode.c.h; path = "Reddit-Prefix.pch"; sourceTree = "<group>"; };
		20559D83198F1D4B00EAB658 /* en */ = {isa = PBXFileReference; lastKnownFileType = text.rtf; name = en; path = en.lproj/Credits.rtf; sourceTree = "<group>"; };
		2071810A191EBED000B685E3 /* en */ = {isa = PBXFileReference; lastKnownFileType = file.xib; name = en; path = en.lproj/MainMenu.xib; sourceTree = "<group>"; };
		207F821E191E049C00F05A03 /* Automatic.app */ = {isa = PBXFileReference; explicitFileType = wrapper.application; includeInIndex = 0; path = Automatic.app; sourceTree = BUILT_PRODUCTS_DIR; };
		207F8222191E049C00F05A03 /* Automatic-Info.plist */ = {isa = PBXFileReference; lastKnownFileType = text.plist.xml; path = "Automatic-Info.plist"; sourceTree = "<group>"; };
		207F8224191E049C00F05A03 /* en */ = {isa = PBXFileReference; lastKnownFileType = text.plist.strings; name = en; path = en.lproj/InfoPlist.strings; sourceTree = "<group>"; };
		207F8226191E049C00F05A03 /* main.m */ = {isa = PBXFileReference; lastKnownFileType = sourcecode.c.objc; path = main.m; sourceTree = "<group>"; };
		207F8228191E049C00F05A03 /* Automatic-Prefix.pch */ = {isa = PBXFileReference; lastKnownFileType = sourcecode.c.h; path = "Automatic-Prefix.pch"; sourceTree = "<group>"; };
		207F822A191E049C00F05A03 /* en */ = {isa = PBXFileReference; lastKnownFileType = text.rtf; name = en; path = en.lproj/Credits.rtf; sourceTree = "<group>"; };
		207F822C191E049C00F05A03 /* AppDelegate.h */ = {isa = PBXFileReference; lastKnownFileType = sourcecode.c.h; path = AppDelegate.h; sourceTree = "<group>"; };
		207F822D191E049C00F05A03 /* AppDelegate.m */ = {isa = PBXFileReference; lastKnownFileType = sourcecode.c.objc; path = AppDelegate.m; sourceTree = "<group>"; };
		2081C0B0198F1D99008D9CAD /* AppDelegate.m */ = {isa = PBXFileReference; fileEncoding = 4; lastKnownFileType = sourcecode.c.objc; path = AppDelegate.m; sourceTree = "<group>"; };
		2081C0B4198F1DB6008D9CAD /* AppDelegate.h */ = {isa = PBXFileReference; fileEncoding = 4; lastKnownFileType = sourcecode.c.h; path = AppDelegate.h; sourceTree = "<group>"; };
		2081C0BB198F1E38008D9CAD /* Uber.app */ = {isa = PBXFileReference; explicitFileType = wrapper.application; includeInIndex = 0; path = Uber.app; sourceTree = BUILT_PRODUCTS_DIR; };
		2081C0BF198F1E38008D9CAD /* Uber-Info.plist */ = {isa = PBXFileReference; lastKnownFileType = text.plist.xml; path = "Uber-Info.plist"; sourceTree = "<group>"; };
		2081C0C1198F1E38008D9CAD /* en */ = {isa = PBXFileReference; lastKnownFileType = text.plist.strings; name = en; path = en.lproj/InfoPlist.strings; sourceTree = "<group>"; };
		2081C0C3198F1E38008D9CAD /* main.m */ = {isa = PBXFileReference; lastKnownFileType = sourcecode.c.objc; path = main.m; sourceTree = "<group>"; };
		2081C0C5198F1E38008D9CAD /* Uber-Prefix.pch */ = {isa = PBXFileReference; lastKnownFileType = sourcecode.c.h; path = "Uber-Prefix.pch"; sourceTree = "<group>"; };
		2081C0C7198F1E38008D9CAD /* en */ = {isa = PBXFileReference; lastKnownFileType = text.rtf; name = en; path = en.lproj/Credits.rtf; sourceTree = "<group>"; };
		2081C0E9198F1E62008D9CAD /* AppDelegate.h */ = {isa = PBXFileReference; fileEncoding = 4; lastKnownFileType = sourcecode.c.h; path = AppDelegate.h; sourceTree = "<group>"; };
		2081C0EA198F1E6A008D9CAD /* AppDelegate.m */ = {isa = PBXFileReference; fileEncoding = 4; lastKnownFileType = sourcecode.c.objc; path = AppDelegate.m; sourceTree = "<group>"; };
		2081C0EF198F1E7D008D9CAD /* en */ = {isa = PBXFileReference; lastKnownFileType = file.xib; name = en; path = en.lproj/MainMenu.xib; sourceTree = "<group>"; };
		2081C0F4198F2069008D9CAD /* en */ = {isa = PBXFileReference; lastKnownFileType = file.xib; name = en; path = en.lproj/MainMenu.xib; sourceTree = "<group>"; };
		20C466B31956154A00293C0A /* en */ = {isa = PBXFileReference; lastKnownFileType = file.xib; name = en; path = en.lproj/MainMenu.xib; sourceTree = "<group>"; };
		20C466B91956172700293C0A /* IFTTT.app */ = {isa = PBXFileReference; explicitFileType = wrapper.application; includeInIndex = 0; path = IFTTT.app; sourceTree = BUILT_PRODUCTS_DIR; };
		20C466BD1956172700293C0A /* IFTTT-Info.plist */ = {isa = PBXFileReference; lastKnownFileType = text.plist.xml; path = "IFTTT-Info.plist"; sourceTree = "<group>"; };
		20C466BF1956172700293C0A /* en */ = {isa = PBXFileReference; lastKnownFileType = text.plist.strings; name = en; path = en.lproj/InfoPlist.strings; sourceTree = "<group>"; };
		20C466C11956172700293C0A /* main.m */ = {isa = PBXFileReference; lastKnownFileType = sourcecode.c.objc; path = main.m; sourceTree = "<group>"; };
		20C466C31956172700293C0A /* IFTTT-Prefix.pch */ = {isa = PBXFileReference; lastKnownFileType = sourcecode.c.h; path = "IFTTT-Prefix.pch"; sourceTree = "<group>"; };
		20C466C51956172700293C0A /* en */ = {isa = PBXFileReference; lastKnownFileType = text.rtf; name = en; path = en.lproj/Credits.rtf; sourceTree = "<group>"; };
		20C466C71956172700293C0A /* AppDelegate.h */ = {isa = PBXFileReference; lastKnownFileType = sourcecode.c.h; path = AppDelegate.h; sourceTree = "<group>"; };
		20C466C81956172700293C0A /* AppDelegate.m */ = {isa = PBXFileReference; lastKnownFileType = sourcecode.c.objc; path = AppDelegate.m; sourceTree = "<group>"; };
		20C466E8195617BD00293C0A /* en */ = {isa = PBXFileReference; lastKnownFileType = file.xib; name = en; path = en.lproj/MainMenu.xib; sourceTree = "<group>"; };
		20C466EC1956188500293C0A /* ifttt.icns */ = {isa = PBXFileReference; lastKnownFileType = image.icns; path = ifttt.icns; sourceTree = "<group>"; };
		20F229FD195610AA005DB602 /* Wells Fargo.app */ = {isa = PBXFileReference; explicitFileType = wrapper.application; includeInIndex = 0; path = "Wells Fargo.app"; sourceTree = BUILT_PRODUCTS_DIR; };
		20F22A01195610AA005DB602 /* Wells Fargo-Info.plist */ = {isa = PBXFileReference; lastKnownFileType = text.plist.xml; path = "Wells Fargo-Info.plist"; sourceTree = "<group>"; };
		20F22A03195610AA005DB602 /* en */ = {isa = PBXFileReference; lastKnownFileType = text.plist.strings; name = en; path = en.lproj/InfoPlist.strings; sourceTree = "<group>"; };
		20F22A05195610AA005DB602 /* main.m */ = {isa = PBXFileReference; lastKnownFileType = sourcecode.c.objc; path = main.m; sourceTree = "<group>"; };
		20F22A07195610AA005DB602 /* Wells Fargo-Prefix.pch */ = {isa = PBXFileReference; lastKnownFileType = sourcecode.c.h; path = "Wells Fargo-Prefix.pch"; sourceTree = "<group>"; };
		20F22A09195610AA005DB602 /* en */ = {isa = PBXFileReference; lastKnownFileType = text.rtf; name = en; path = en.lproj/Credits.rtf; sourceTree = "<group>"; };
		20F22A0B195610AA005DB602 /* AppDelegate.h */ = {isa = PBXFileReference; lastKnownFileType = sourcecode.c.h; path = AppDelegate.h; sourceTree = "<group>"; };
		20F22A0C195610AA005DB602 /* AppDelegate.m */ = {isa = PBXFileReference; lastKnownFileType = sourcecode.c.objc; path = AppDelegate.m; sourceTree = "<group>"; };
		20F22A2E1956137A005DB602 /* wellsfargo.icns */ = {isa = PBXFileReference; lastKnownFileType = image.icns; path = wellsfargo.icns; sourceTree = "<group>"; };
		20F4470B191ED4AD00376455 /* Starbucks.app */ = {isa = PBXFileReference; explicitFileType = wrapper.application; includeInIndex = 0; path = Starbucks.app; sourceTree = BUILT_PRODUCTS_DIR; };
		20F4470F191ED4AD00376455 /* Starbucks-Info.plist */ = {isa = PBXFileReference; lastKnownFileType = text.plist.xml; path = "Starbucks-Info.plist"; sourceTree = "<group>"; };
		20F44711191ED4AD00376455 /* en */ = {isa = PBXFileReference; lastKnownFileType = text.plist.strings; name = en; path = en.lproj/InfoPlist.strings; sourceTree = "<group>"; };
		20F44713191ED4AD00376455 /* main.m */ = {isa = PBXFileReference; lastKnownFileType = sourcecode.c.objc; path = main.m; sourceTree = "<group>"; };
		20F44715191ED4AD00376455 /* Starbucks-Prefix.pch */ = {isa = PBXFileReference; lastKnownFileType = sourcecode.c.h; path = "Starbucks-Prefix.pch"; sourceTree = "<group>"; };
		20F44717191ED4AD00376455 /* en */ = {isa = PBXFileReference; lastKnownFileType = text.rtf; name = en; path = en.lproj/Credits.rtf; sourceTree = "<group>"; };
		20F44719191ED4AD00376455 /* AppDelegate.h */ = {isa = PBXFileReference; lastKnownFileType = sourcecode.c.h; path = AppDelegate.h; sourceTree = "<group>"; };
		20F4471A191ED4AD00376455 /* AppDelegate.m */ = {isa = PBXFileReference; lastKnownFileType = sourcecode.c.objc; path = AppDelegate.m; sourceTree = "<group>"; };
		20F4473F191ED94300376455 /* automatic.icns */ = {isa = PBXFileReference; lastKnownFileType = image.icns; path = automatic.icns; sourceTree = "<group>"; };
		20F44741191ED95B00376455 /* starbucks.icns */ = {isa = PBXFileReference; lastKnownFileType = image.icns; path = starbucks.icns; sourceTree = "<group>"; };
		20F44745191EDB0100376455 /* en */ = {isa = PBXFileReference; lastKnownFileType = file.xib; name = en; path = en.lproj/MainMenu.xib; sourceTree = "<group>"; };
		5199791815B1F92B003AFC57 /* Cocoa.framework */ = {isa = PBXFileReference; lastKnownFileType = wrapper.framework; name = Cocoa.framework; path = System/Library/Frameworks/Cocoa.framework; sourceTree = SDKROOT; };
		5199791B15B1F92B003AFC57 /* AppKit.framework */ = {isa = PBXFileReference; lastKnownFileType = wrapper.framework; name = AppKit.framework; path = System/Library/Frameworks/AppKit.framework; sourceTree = SDKROOT; };
		5199791C15B1F92B003AFC57 /* CoreData.framework */ = {isa = PBXFileReference; lastKnownFileType = wrapper.framework; name = CoreData.framework; path = System/Library/Frameworks/CoreData.framework; sourceTree = SDKROOT; };
		5199791D15B1F92B003AFC57 /* Foundation.framework */ = {isa = PBXFileReference; lastKnownFileType = wrapper.framework; name = Foundation.framework; path = System/Library/Frameworks/Foundation.framework; sourceTree = SDKROOT; };
		5199794115B2F908003AFC57 /* ScriptingBridge.framework */ = {isa = PBXFileReference; lastKnownFileType = wrapper.framework; name = ScriptingBridge.framework; path = System/Library/Frameworks/ScriptingBridge.framework; sourceTree = SDKROOT; };
/* End PBXFileReference section */

/* Begin PBXFrameworksBuildPhase section */
		20559CF6198F168800EAB658 /* Frameworks */ = {
			isa = PBXFrameworksBuildPhase;
			buildActionMask = 2147483647;
			files = (
				20559D36198F185A00EAB658 /* ScriptingBridge.framework in Frameworks */,
				20559CFA198F168800EAB658 /* Cocoa.framework in Frameworks */,
			);
			runOnlyForDeploymentPostprocessing = 0;
		};
		20559D38198F1C6400EAB658 /* Frameworks */ = {
			isa = PBXFrameworksBuildPhase;
			buildActionMask = 2147483647;
			files = (
				20559D72198F1D0A00EAB658 /* ScriptingBridge.framework in Frameworks */,
				20559D3C198F1C6400EAB658 /* Cocoa.framework in Frameworks */,
			);
			runOnlyForDeploymentPostprocessing = 0;
		};
		20559D74198F1D4B00EAB658 /* Frameworks */ = {
			isa = PBXFrameworksBuildPhase;
			buildActionMask = 2147483647;
			files = (
				2081C0B6198F1DF4008D9CAD /* ScriptingBridge.framework in Frameworks */,
				20559D78198F1D4B00EAB658 /* Cocoa.framework in Frameworks */,
			);
			runOnlyForDeploymentPostprocessing = 0;
		};
		207F821B191E049C00F05A03 /* Frameworks */ = {
			isa = PBXFrameworksBuildPhase;
			buildActionMask = 2147483647;
			files = (
				207F824C191E04BF00F05A03 /* ScriptingBridge.framework in Frameworks */,
				207F821F191E049C00F05A03 /* Cocoa.framework in Frameworks */,
			);
			runOnlyForDeploymentPostprocessing = 0;
		};
		2081C0B8198F1E38008D9CAD /* Frameworks */ = {
			isa = PBXFrameworksBuildPhase;
			buildActionMask = 2147483647;
			files = (
				2081C0F1198F1EC1008D9CAD /* ScriptingBridge.framework in Frameworks */,
				2081C0BC198F1E38008D9CAD /* Cocoa.framework in Frameworks */,
			);
			runOnlyForDeploymentPostprocessing = 0;
		};
		20C466B61956172700293C0A /* Frameworks */ = {
			isa = PBXFrameworksBuildPhase;
			buildActionMask = 2147483647;
			files = (
				20C466EE195618A400293C0A /* ScriptingBridge.framework in Frameworks */,
				20C466BA1956172700293C0A /* Cocoa.framework in Frameworks */,
			);
			runOnlyForDeploymentPostprocessing = 0;
		};
		20F229FA195610AA005DB602 /* Frameworks */ = {
			isa = PBXFrameworksBuildPhase;
			buildActionMask = 2147483647;
			files = (
				20F22A2B195610EA005DB602 /* ScriptingBridge.framework in Frameworks */,
				20F229FE195610AA005DB602 /* Cocoa.framework in Frameworks */,
			);
			runOnlyForDeploymentPostprocessing = 0;
		};
		20F44708191ED4AD00376455 /* Frameworks */ = {
			isa = PBXFrameworksBuildPhase;
			buildActionMask = 2147483647;
			files = (
				20F44743191ED9F100376455 /* ScriptingBridge.framework in Frameworks */,
				20F4470C191ED4AD00376455 /* Cocoa.framework in Frameworks */,
			);
			runOnlyForDeploymentPostprocessing = 0;
		};
/* End PBXFrameworksBuildPhase section */

/* Begin PBXGroup section */
		20559CFB198F168800EAB658 /* Square */ = {
			isa = PBXGroup;
			children = (
				20559D2F198F176300EAB658 /* AppDelegate.m */,
				20559D2D198F174300EAB658 /* AppDelegate.h */,
				20559D33198F17B000EAB658 /* MainMenu.xib */,
				20559CFC198F168800EAB658 /* Supporting Files */,
			);
			path = Square;
			sourceTree = "<group>";
		};
		20559CFC198F168800EAB658 /* Supporting Files */ = {
			isa = PBXGroup;
			children = (
				20559D29198F16E700EAB658 /* square.icns */,
				20559CFD198F168800EAB658 /* Square-Info.plist */,
				20559CFE198F168800EAB658 /* InfoPlist.strings */,
				20559D01198F168800EAB658 /* main.m */,
				20559D03198F168800EAB658 /* Square-Prefix.pch */,
				20559D04198F168800EAB658 /* Credits.rtf */,
			);
			name = "Supporting Files";
			sourceTree = "<group>";
		};
		20559D3D198F1C6400EAB658 /* GitHub */ = {
			isa = PBXGroup;
			children = (
				20559D6C198F1CC200EAB658 /* AppDelegate.m */,
				20559D6B198F1CB300EAB658 /* AppDelegate.h */,
				20559D70198F1CE800EAB658 /* MainMenu.xib */,
				20559D3E198F1C6400EAB658 /* Supporting Files */,
			);
			path = GitHub;
			sourceTree = "<group>";
		};
		20559D3E198F1C6400EAB658 /* Supporting Files */ = {
			isa = PBXGroup;
			children = (
				20559D27198F16E700EAB658 /* githubpush.icns */,
				20559D3F198F1C6400EAB658 /* GitHub-Info.plist */,
				20559D40198F1C6400EAB658 /* InfoPlist.strings */,
				20559D43198F1C6400EAB658 /* main.m */,
				20559D45198F1C6400EAB658 /* GitHub-Prefix.pch */,
				20559D46198F1C6400EAB658 /* Credits.rtf */,
			);
			name = "Supporting Files";
			sourceTree = "<group>";
		};
		20559D79198F1D4B00EAB658 /* Reddit */ = {
			isa = PBXGroup;
			children = (
				2081C0B4198F1DB6008D9CAD /* AppDelegate.h */,
				2081C0B0198F1D99008D9CAD /* AppDelegate.m */,
				2081C0F0198F1E7D008D9CAD /* MainMenu.xib */,
				20559D7A198F1D4B00EAB658 /* Supporting Files */,
			);
			path = Reddit;
			sourceTree = "<group>";
		};
		20559D7A198F1D4B00EAB658 /* Supporting Files */ = {
			isa = PBXGroup;
			children = (
				20559D28198F16E700EAB658 /* reddit.icns */,
				20559D7B198F1D4B00EAB658 /* Reddit-Info.plist */,
				20559D7C198F1D4B00EAB658 /* InfoPlist.strings */,
				20559D7F198F1D4B00EAB658 /* main.m */,
				20559D81198F1D4B00EAB658 /* Reddit-Prefix.pch */,
				20559D82198F1D4B00EAB658 /* Credits.rtf */,
			);
			name = "Supporting Files";
			sourceTree = "<group>";
		};
		207F8220191E049C00F05A03 /* Automatic */ = {
			isa = PBXGroup;
			children = (
				2071810B191EBED000B685E3 /* MainMenu.xib */,
				207F822C191E049C00F05A03 /* AppDelegate.h */,
				207F822D191E049C00F05A03 /* AppDelegate.m */,
				207F8221191E049C00F05A03 /* Supporting Files */,
			);
			path = Automatic;
			sourceTree = "<group>";
		};
		207F8221191E049C00F05A03 /* Supporting Files */ = {
			isa = PBXGroup;
			children = (
				20F4473F191ED94300376455 /* automatic.icns */,
				207F8222191E049C00F05A03 /* Automatic-Info.plist */,
				207F8223191E049C00F05A03 /* InfoPlist.strings */,
				207F8226191E049C00F05A03 /* main.m */,
				207F8228191E049C00F05A03 /* Automatic-Prefix.pch */,
				207F8229191E049C00F05A03 /* Credits.rtf */,
			);
			name = "Supporting Files";
			sourceTree = "<group>";
		};
		2081C0BD198F1E38008D9CAD /* Uber */ = {
			isa = PBXGroup;
			children = (
				2081C0F5198F2069008D9CAD /* MainMenu.xib */,
				2081C0EA198F1E6A008D9CAD /* AppDelegate.m */,
				2081C0E9198F1E62008D9CAD /* AppDelegate.h */,
				2081C0BE198F1E38008D9CAD /* Supporting Files */,
			);
			path = Uber;
			sourceTree = "<group>";
		};
		2081C0BE198F1E38008D9CAD /* Supporting Files */ = {
			isa = PBXGroup;
			children = (
				20559D2A198F16E700EAB658 /* githubpush.icns */,
				2081C0BF198F1E38008D9CAD /* Uber-Info.plist */,
				2081C0C0198F1E38008D9CAD /* InfoPlist.strings */,
				2081C0C3198F1E38008D9CAD /* main.m */,
				2081C0C5198F1E38008D9CAD /* Uber-Prefix.pch */,
				2081C0C6198F1E38008D9CAD /* Credits.rtf */,
			);
			name = "Supporting Files";
			sourceTree = "<group>";
		};
		20C466BB1956172700293C0A /* IFTTT */ = {
			isa = PBXGroup;
			children = (
				20C466E7195617BD00293C0A /* MainMenu.xib */,
				20C466C71956172700293C0A /* AppDelegate.h */,
				20C466C81956172700293C0A /* AppDelegate.m */,
				20C466BC1956172700293C0A /* Supporting Files */,
			);
			path = IFTTT;
			sourceTree = "<group>";
		};
		20C466BC1956172700293C0A /* Supporting Files */ = {
			isa = PBXGroup;
			children = (
				20C466EC1956188500293C0A /* ifttt.icns */,
				20C466BD1956172700293C0A /* IFTTT-Info.plist */,
				20C466BE1956172700293C0A /* InfoPlist.strings */,
				20C466C11956172700293C0A /* main.m */,
				20C466C31956172700293C0A /* IFTTT-Prefix.pch */,
				20C466C41956172700293C0A /* Credits.rtf */,
			);
			name = "Supporting Files";
			sourceTree = "<group>";
		};
		20F229FF195610AA005DB602 /* Wells Fargo */ = {
			isa = PBXGroup;
			children = (
				20C466B21956154A00293C0A /* MainMenu.xib */,
				20F22A0B195610AA005DB602 /* AppDelegate.h */,
				20F22A0C195610AA005DB602 /* AppDelegate.m */,
				20F22A00195610AA005DB602 /* Supporting Files */,
			);
			path = "Wells Fargo";
			sourceTree = "<group>";
		};
		20F22A00195610AA005DB602 /* Supporting Files */ = {
			isa = PBXGroup;
			children = (
				20F22A2E1956137A005DB602 /* wellsfargo.icns */,
				20F22A01195610AA005DB602 /* Wells Fargo-Info.plist */,
				20F22A02195610AA005DB602 /* InfoPlist.strings */,
				20F22A05195610AA005DB602 /* main.m */,
				20F22A07195610AA005DB602 /* Wells Fargo-Prefix.pch */,
				20F22A08195610AA005DB602 /* Credits.rtf */,
			);
			name = "Supporting Files";
			sourceTree = "<group>";
		};
		20F4470D191ED4AD00376455 /* Starbucks */ = {
			isa = PBXGroup;
			children = (
				20F44746191EDB0100376455 /* MainMenu.xib */,
				20F44719191ED4AD00376455 /* AppDelegate.h */,
				20F4471A191ED4AD00376455 /* AppDelegate.m */,
				20F4470E191ED4AD00376455 /* Supporting Files */,
			);
			path = Starbucks;
			sourceTree = "<group>";
		};
		20F4470E191ED4AD00376455 /* Supporting Files */ = {
			isa = PBXGroup;
			children = (
				20F44741191ED95B00376455 /* starbucks.icns */,
				20F4470F191ED4AD00376455 /* Starbucks-Info.plist */,
				20F44710191ED4AD00376455 /* InfoPlist.strings */,
				20F44713191ED4AD00376455 /* main.m */,
				20F44715191ED4AD00376455 /* Starbucks-Prefix.pch */,
				20F44716191ED4AD00376455 /* Credits.rtf */,
			);
			name = "Supporting Files";
			sourceTree = "<group>";
		};
		5199790915B1F92B003AFC57 = {
			isa = PBXGroup;
			children = (
				207F8220191E049C00F05A03 /* Automatic */,
				20F4470D191ED4AD00376455 /* Starbucks */,
				20F229FF195610AA005DB602 /* Wells Fargo */,
				20C466BB1956172700293C0A /* IFTTT */,
				20559CFB198F168800EAB658 /* Square */,
				20559D3D198F1C6400EAB658 /* GitHub */,
				20559D79198F1D4B00EAB658 /* Reddit */,
				2081C0BD198F1E38008D9CAD /* Uber */,
				5199791715B1F92B003AFC57 /* Frameworks */,
				5199791515B1F92B003AFC57 /* Products */,
			);
			sourceTree = "<group>";
		};
		5199791515B1F92B003AFC57 /* Products */ = {
			isa = PBXGroup;
			children = (
				207F821E191E049C00F05A03 /* Automatic.app */,
				20F4470B191ED4AD00376455 /* Starbucks.app */,
				20F229FD195610AA005DB602 /* Wells Fargo.app */,
				20C466B91956172700293C0A /* IFTTT.app */,
				20559CF9198F168800EAB658 /* Square.app */,
				20559D3B198F1C6400EAB658 /* GitHub.app */,
				20559D77198F1D4B00EAB658 /* Reddit.app */,
				2081C0BB198F1E38008D9CAD /* Uber.app */,
			);
			name = Products;
			sourceTree = "<group>";
		};
		5199791715B1F92B003AFC57 /* Frameworks */ = {
			isa = PBXGroup;
			children = (
				5199794115B2F908003AFC57 /* ScriptingBridge.framework */,
				5199791815B1F92B003AFC57 /* Cocoa.framework */,
				5199791A15B1F92B003AFC57 /* Other Frameworks */,
			);
			name = Frameworks;
			sourceTree = "<group>";
		};
		5199791A15B1F92B003AFC57 /* Other Frameworks */ = {
			isa = PBXGroup;
			children = (
				5199791B15B1F92B003AFC57 /* AppKit.framework */,
				5199791C15B1F92B003AFC57 /* CoreData.framework */,
				5199791D15B1F92B003AFC57 /* Foundation.framework */,
			);
			name = "Other Frameworks";
			sourceTree = "<group>";
		};
/* End PBXGroup section */

/* Begin PBXNativeTarget section */
		20559CF8198F168800EAB658 /* Square */ = {
			isa = PBXNativeTarget;
			buildConfigurationList = 20559D21198F168800EAB658 /* Build configuration list for PBXNativeTarget "Square" */;
			buildPhases = (
				20559CF5198F168800EAB658 /* Sources */,
				20559CF6198F168800EAB658 /* Frameworks */,
				20559CF7198F168800EAB658 /* Resources */,
			);
			buildRules = (
			);
			dependencies = (
			);
			name = Square;
			productName = Square;
			productReference = 20559CF9198F168800EAB658 /* Square.app */;
			productType = "com.apple.product-type.application";
		};
		20559D3A198F1C6400EAB658 /* GitHub */ = {
			isa = PBXNativeTarget;
			buildConfigurationList = 20559D63198F1C6400EAB658 /* Build configuration list for PBXNativeTarget "GitHub" */;
			buildPhases = (
				20559D37198F1C6400EAB658 /* Sources */,
				20559D38198F1C6400EAB658 /* Frameworks */,
				20559D39198F1C6400EAB658 /* Resources */,
			);
			buildRules = (
			);
			dependencies = (
			);
			name = GitHub;
			productName = GitHub;
			productReference = 20559D3B198F1C6400EAB658 /* GitHub.app */;
			productType = "com.apple.product-type.application";
		};
		20559D76198F1D4B00EAB658 /* Reddit */ = {
			isa = PBXNativeTarget;
			buildConfigurationList = 20559D9F198F1D4B00EAB658 /* Build configuration list for PBXNativeTarget "Reddit" */;
			buildPhases = (
				20559D73198F1D4B00EAB658 /* Sources */,
				20559D74198F1D4B00EAB658 /* Frameworks */,
				20559D75198F1D4B00EAB658 /* Resources */,
			);
			buildRules = (
			);
			dependencies = (
			);
			name = Reddit;
			productName = Reddit;
			productReference = 20559D77198F1D4B00EAB658 /* Reddit.app */;
			productType = "com.apple.product-type.application";
		};
		207F821D191E049C00F05A03 /* Automatic */ = {
			isa = PBXNativeTarget;
			buildConfigurationList = 207F8246191E049C00F05A03 /* Build configuration list for PBXNativeTarget "Automatic" */;
			buildPhases = (
				207F821A191E049C00F05A03 /* Sources */,
				207F821B191E049C00F05A03 /* Frameworks */,
				207F821C191E049C00F05A03 /* Resources */,
			);
			buildRules = (
			);
			dependencies = (
			);
			name = Automatic;
			productName = Automatic;
			productReference = 207F821E191E049C00F05A03 /* Automatic.app */;
			productType = "com.apple.product-type.application";
		};
		2081C0BA198F1E38008D9CAD /* Uber */ = {
			isa = PBXNativeTarget;
			buildConfigurationList = 2081C0E3198F1E38008D9CAD /* Build configuration list for PBXNativeTarget "Uber" */;
			buildPhases = (
				2081C0B7198F1E38008D9CAD /* Sources */,
				2081C0B8198F1E38008D9CAD /* Frameworks */,
				2081C0B9198F1E38008D9CAD /* Resources */,
			);
			buildRules = (
			);
			dependencies = (
			);
			name = Uber;
			productName = Uber;
			productReference = 2081C0BB198F1E38008D9CAD /* Uber.app */;
			productType = "com.apple.product-type.application";
		};
		20C466B81956172700293C0A /* IFTTT */ = {
			isa = PBXNativeTarget;
			buildConfigurationList = 20C466E11956172800293C0A /* Build configuration list for PBXNativeTarget "IFTTT" */;
			buildPhases = (
				20C466B51956172700293C0A /* Sources */,
				20C466B61956172700293C0A /* Frameworks */,
				20C466B71956172700293C0A /* Resources */,
			);
			buildRules = (
			);
			dependencies = (
			);
			name = IFTTT;
			productName = IFTTT;
			productReference = 20C466B91956172700293C0A /* IFTTT.app */;
			productType = "com.apple.product-type.application";
		};
		20F229FC195610AA005DB602 /* Wells Fargo */ = {
			isa = PBXNativeTarget;
			buildConfigurationList = 20F22A25195610AA005DB602 /* Build configuration list for PBXNativeTarget "Wells Fargo" */;
			buildPhases = (
				20F229F9195610AA005DB602 /* Sources */,
				20F229FA195610AA005DB602 /* Frameworks */,
				20F229FB195610AA005DB602 /* Resources */,
			);
			buildRules = (
			);
			dependencies = (
			);
			name = "Wells Fargo";
			productName = "Wells Fargo";
			productReference = 20F229FD195610AA005DB602 /* Wells Fargo.app */;
			productType = "com.apple.product-type.application";
		};
		20F4470A191ED4AD00376455 /* Starbucks */ = {
			isa = PBXNativeTarget;
			buildConfigurationList = 20F44737191ED4AD00376455 /* Build configuration list for PBXNativeTarget "Starbucks" */;
			buildPhases = (
				20F44707191ED4AD00376455 /* Sources */,
				20F44708191ED4AD00376455 /* Frameworks */,
				20F44709191ED4AD00376455 /* Resources */,
			);
			buildRules = (
			);
			dependencies = (
			);
			name = Starbucks;
			productName = Starbucks;
			productReference = 20F4470B191ED4AD00376455 /* Starbucks.app */;
			productType = "com.apple.product-type.application";
		};
/* End PBXNativeTarget section */

/* Begin PBXProject section */
		5199790B15B1F92B003AFC57 /* Project object */ = {
			isa = PBXProject;
			attributes = {
				LastUpgradeCheck = 0510;
				ORGANIZATIONNAME = "Jick Pictures";
			};
			buildConfigurationList = 5199790E15B1F92B003AFC57 /* Build configuration list for PBXProject "IFTTT-OSX" */;
			compatibilityVersion = "Xcode 3.2";
			developmentRegion = English;
			hasScannedForEncodings = 0;
			knownRegions = (
				en,
				Base,
			);
			mainGroup = 5199790915B1F92B003AFC57;
			productRefGroup = 5199791515B1F92B003AFC57 /* Products */;
			projectDirPath = "";
			projectRoot = "";
			targets = (
				207F821D191E049C00F05A03 /* Automatic */,
				20F4470A191ED4AD00376455 /* Starbucks */,
				20F229FC195610AA005DB602 /* Wells Fargo */,
				20C466B81956172700293C0A /* IFTTT */,
				20559CF8198F168800EAB658 /* Square */,
				20559D3A198F1C6400EAB658 /* GitHub */,
				20559D76198F1D4B00EAB658 /* Reddit */,
				2081C0BA198F1E38008D9CAD /* Uber */,
			);
		};
/* End PBXProject section */

/* Begin PBXResourcesBuildPhase section */
		20559CF7198F168800EAB658 /* Resources */ = {
			isa = PBXResourcesBuildPhase;
			buildActionMask = 2147483647;
			files = (
				20559D00198F168800EAB658 /* InfoPlist.strings in Resources */,
				20559D06198F168800EAB658 /* Credits.rtf in Resources */,
				20559D35198F184A00EAB658 /* square.icns in Resources */,
				20559D31198F17B000EAB658 /* MainMenu.xib in Resources */,
			);
			runOnlyForDeploymentPostprocessing = 0;
		};
		20559D39198F1C6400EAB658 /* Resources */ = {
			isa = PBXResourcesBuildPhase;
			buildActionMask = 2147483647;
			files = (
				20559D42198F1C6400EAB658 /* InfoPlist.strings in Resources */,
				20559D71198F1CFF00EAB658 /* githubpush.icns in Resources */,
				20559D48198F1C6400EAB658 /* Credits.rtf in Resources */,
				20559D6E198F1CE800EAB658 /* MainMenu.xib in Resources */,
			);
			runOnlyForDeploymentPostprocessing = 0;
		};
		20559D75198F1D4B00EAB658 /* Resources */ = {
			isa = PBXResourcesBuildPhase;
			buildActionMask = 2147483647;
			files = (
				20559D7E198F1D4B00EAB658 /* InfoPlist.strings in Resources */,
				20559D84198F1D4B00EAB658 /* Credits.rtf in Resources */,
				2081C0B5198F1DE8008D9CAD /* reddit.icns in Resources */,
				2081C0EE198F1E7D008D9CAD /* MainMenu.xib in Resources */,
			);
			runOnlyForDeploymentPostprocessing = 0;
		};
		207F821C191E049C00F05A03 /* Resources */ = {
			isa = PBXResourcesBuildPhase;
			buildActionMask = 2147483647;
			files = (
				20F44740191ED94300376455 /* automatic.icns in Resources */,
				207F8225191E049C00F05A03 /* InfoPlist.strings in Resources */,
				207F822B191E049C00F05A03 /* Credits.rtf in Resources */,
				20718109191EBED000B685E3 /* MainMenu.xib in Resources */,
			);
			runOnlyForDeploymentPostprocessing = 0;
		};
		2081C0B9198F1E38008D9CAD /* Resources */ = {
			isa = PBXResourcesBuildPhase;
			buildActionMask = 2147483647;
			files = (
				2081C0C2198F1E38008D9CAD /* InfoPlist.strings in Resources */,
				2081C0C8198F1E38008D9CAD /* Credits.rtf in Resources */,
				2081C0F2198F1F12008D9CAD /* githubpush.icns in Resources */,
				2081C0F3198F2069008D9CAD /* MainMenu.xib in Resources */,
			);
			runOnlyForDeploymentPostprocessing = 0;
		};
		20C466B71956172700293C0A /* Resources */ = {
			isa = PBXResourcesBuildPhase;
			buildActionMask = 2147483647;
			files = (
				20C466ED1956188500293C0A /* ifttt.icns in Resources */,
				20C466C01956172700293C0A /* InfoPlist.strings in Resources */,
				20C466C61956172700293C0A /* Credits.rtf in Resources */,
				20C466E9195617BD00293C0A /* MainMenu.xib in Resources */,
			);
			runOnlyForDeploymentPostprocessing = 0;
		};
		20F229FB195610AA005DB602 /* Resources */ = {
			isa = PBXResourcesBuildPhase;
			buildActionMask = 2147483647;
			files = (
				20F22A2F1956137A005DB602 /* wellsfargo.icns in Resources */,
				20F22A04195610AA005DB602 /* InfoPlist.strings in Resources */,
				20F22A0A195610AA005DB602 /* Credits.rtf in Resources */,
				20C466B41956154A00293C0A /* MainMenu.xib in Resources */,
			);
			runOnlyForDeploymentPostprocessing = 0;
		};
		20F44709191ED4AD00376455 /* Resources */ = {
			isa = PBXResourcesBuildPhase;
			buildActionMask = 2147483647;
			files = (
				20F44712191ED4AD00376455 /* InfoPlist.strings in Resources */,
				20F44718191ED4AD00376455 /* Credits.rtf in Resources */,
				20F44744191EDB0100376455 /* MainMenu.xib in Resources */,
				20F44742191ED95B00376455 /* starbucks.icns in Resources */,
			);
			runOnlyForDeploymentPostprocessing = 0;
		};
/* End PBXResourcesBuildPhase section */

/* Begin PBXSourcesBuildPhase section */
		20559CF5198F168800EAB658 /* Sources */ = {
			isa = PBXSourcesBuildPhase;
			buildActionMask = 2147483647;
			files = (
				20559D30198F176300EAB658 /* AppDelegate.m in Sources */,
				20559D02198F168800EAB658 /* main.m in Sources */,
			);
			runOnlyForDeploymentPostprocessing = 0;
		};
		20559D37198F1C6400EAB658 /* Sources */ = {
			isa = PBXSourcesBuildPhase;
			buildActionMask = 2147483647;
			files = (
				20559D6D198F1CC200EAB658 /* AppDelegate.m in Sources */,
				20559D44198F1C6400EAB658 /* main.m in Sources */,
			);
			runOnlyForDeploymentPostprocessing = 0;
		};
		20559D73198F1D4B00EAB658 /* Sources */ = {
			isa = PBXSourcesBuildPhase;
			buildActionMask = 2147483647;
			files = (
				2081C0B1198F1D99008D9CAD /* AppDelegate.m in Sources */,
				20559D80198F1D4B00EAB658 /* main.m in Sources */,
			);
			runOnlyForDeploymentPostprocessing = 0;
		};
		207F821A191E049C00F05A03 /* Sources */ = {
			isa = PBXSourcesBuildPhase;
			buildActionMask = 2147483647;
			files = (
				207F822E191E049C00F05A03 /* AppDelegate.m in Sources */,
				207F8227191E049C00F05A03 /* main.m in Sources */,
			);
			runOnlyForDeploymentPostprocessing = 0;
		};
		2081C0B7198F1E38008D9CAD /* Sources */ = {
			isa = PBXSourcesBuildPhase;
			buildActionMask = 2147483647;
			files = (
				2081C0EB198F1E6A008D9CAD /* AppDelegate.m in Sources */,
				2081C0C4198F1E38008D9CAD /* main.m in Sources */,
			);
			runOnlyForDeploymentPostprocessing = 0;
		};
		20C466B51956172700293C0A /* Sources */ = {
			isa = PBXSourcesBuildPhase;
			buildActionMask = 2147483647;
			files = (
				20C466C91956172700293C0A /* AppDelegate.m in Sources */,
				20C466C21956172700293C0A /* main.m in Sources */,
			);
			runOnlyForDeploymentPostprocessing = 0;
		};
		20F229F9195610AA005DB602 /* Sources */ = {
			isa = PBXSourcesBuildPhase;
			buildActionMask = 2147483647;
			files = (
				20F22A0D195610AA005DB602 /* AppDelegate.m in Sources */,
				20F22A06195610AA005DB602 /* main.m in Sources */,
			);
			runOnlyForDeploymentPostprocessing = 0;
		};
		20F44707191ED4AD00376455 /* Sources */ = {
			isa = PBXSourcesBuildPhase;
			buildActionMask = 2147483647;
			files = (
				20F4471B191ED4AD00376455 /* AppDelegate.m in Sources */,
				20F44714191ED4AD00376455 /* main.m in Sources */,
			);
			runOnlyForDeploymentPostprocessing = 0;
		};
/* End PBXSourcesBuildPhase section */

/* Begin PBXVariantGroup section */
		20559CFE198F168800EAB658 /* InfoPlist.strings */ = {
			isa = PBXVariantGroup;
			children = (
				20559CFF198F168800EAB658 /* en */,
			);
			name = InfoPlist.strings;
			sourceTree = "<group>";
		};
		20559D04198F168800EAB658 /* Credits.rtf */ = {
			isa = PBXVariantGroup;
			children = (
				20559D05198F168800EAB658 /* en */,
			);
			name = Credits.rtf;
			sourceTree = "<group>";
		};
		20559D33198F17B000EAB658 /* MainMenu.xib */ = {
			isa = PBXVariantGroup;
			children = (
				20559D34198F17BD00EAB658 /* en */,
			);
			name = MainMenu.xib;
			sourceTree = "<group>";
		};
		20559D40198F1C6400EAB658 /* InfoPlist.strings */ = {
			isa = PBXVariantGroup;
			children = (
				20559D41198F1C6400EAB658 /* en */,
			);
			name = InfoPlist.strings;
			sourceTree = "<group>";
		};
		20559D46198F1C6400EAB658 /* Credits.rtf */ = {
			isa = PBXVariantGroup;
			children = (
				20559D47198F1C6400EAB658 /* en */,
			);
			name = Credits.rtf;
			sourceTree = "<group>";
		};
		20559D70198F1CE800EAB658 /* MainMenu.xib */ = {
			isa = PBXVariantGroup;
			children = (
				20559D6F198F1CE800EAB658 /* en */,
			);
			name = MainMenu.xib;
			sourceTree = "<group>";
		};
		20559D7C198F1D4B00EAB658 /* InfoPlist.strings */ = {
			isa = PBXVariantGroup;
			children = (
				20559D7D198F1D4B00EAB658 /* en */,
			);
			name = InfoPlist.strings;
			sourceTree = "<group>";
		};
		20559D82198F1D4B00EAB658 /* Credits.rtf */ = {
			isa = PBXVariantGroup;
			children = (
				20559D83198F1D4B00EAB658 /* en */,
			);
			name = Credits.rtf;
			sourceTree = "<group>";
		};
		2071810B191EBED000B685E3 /* MainMenu.xib */ = {
			isa = PBXVariantGroup;
			children = (
				2071810A191EBED000B685E3 /* en */,
			);
			name = MainMenu.xib;
			sourceTree = "<group>";
		};
		207F8223191E049C00F05A03 /* InfoPlist.strings */ = {
			isa = PBXVariantGroup;
			children = (
				207F8224191E049C00F05A03 /* en */,
			);
			name = InfoPlist.strings;
			sourceTree = "<group>";
		};
		207F8229191E049C00F05A03 /* Credits.rtf */ = {
			isa = PBXVariantGroup;
			children = (
				207F822A191E049C00F05A03 /* en */,
			);
			name = Credits.rtf;
			sourceTree = "<group>";
		};
		2081C0C0198F1E38008D9CAD /* InfoPlist.strings */ = {
			isa = PBXVariantGroup;
			children = (
				2081C0C1198F1E38008D9CAD /* en */,
			);
			name = InfoPlist.strings;
			sourceTree = "<group>";
		};
		2081C0C6198F1E38008D9CAD /* Credits.rtf */ = {
			isa = PBXVariantGroup;
			children = (
				2081C0C7198F1E38008D9CAD /* en */,
			);
			name = Credits.rtf;
			sourceTree = "<group>";
		};
		2081C0F0198F1E7D008D9CAD /* MainMenu.xib */ = {
			isa = PBXVariantGroup;
			children = (
				2081C0EF198F1E7D008D9CAD /* en */,
			);
			name = MainMenu.xib;
			sourceTree = "<group>";
		};
		2081C0F5198F2069008D9CAD /* MainMenu.xib */ = {
			isa = PBXVariantGroup;
			children = (
				2081C0F4198F2069008D9CAD /* en */,
			);
			name = MainMenu.xib;
			sourceTree = "<group>";
		};
		20C466B21956154A00293C0A /* MainMenu.xib */ = {
			isa = PBXVariantGroup;
			children = (
				20C466B31956154A00293C0A /* en */,
			);
			name = MainMenu.xib;
			sourceTree = "<group>";
		};
		20C466BE1956172700293C0A /* InfoPlist.strings */ = {
			isa = PBXVariantGroup;
			children = (
				20C466BF1956172700293C0A /* en */,
			);
			name = InfoPlist.strings;
			sourceTree = "<group>";
		};
		20C466C41956172700293C0A /* Credits.rtf */ = {
			isa = PBXVariantGroup;
			children = (
				20C466C51956172700293C0A /* en */,
			);
			name = Credits.rtf;
			sourceTree = "<group>";
		};
		20C466E7195617BD00293C0A /* MainMenu.xib */ = {
			isa = PBXVariantGroup;
			children = (
				20C466E8195617BD00293C0A /* en */,
			);
			name = MainMenu.xib;
			sourceTree = "<group>";
		};
		20F22A02195610AA005DB602 /* InfoPlist.strings */ = {
			isa = PBXVariantGroup;
			children = (
				20F22A03195610AA005DB602 /* en */,
			);
			name = InfoPlist.strings;
			sourceTree = "<group>";
		};
		20F22A08195610AA005DB602 /* Credits.rtf */ = {
			isa = PBXVariantGroup;
			children = (
				20F22A09195610AA005DB602 /* en */,
			);
			name = Credits.rtf;
			sourceTree = "<group>";
		};
		20F44710191ED4AD00376455 /* InfoPlist.strings */ = {
			isa = PBXVariantGroup;
			children = (
				20F44711191ED4AD00376455 /* en */,
			);
			name = InfoPlist.strings;
			sourceTree = "<group>";
		};
		20F44716191ED4AD00376455 /* Credits.rtf */ = {
			isa = PBXVariantGroup;
			children = (
				20F44717191ED4AD00376455 /* en */,
			);
			name = Credits.rtf;
			sourceTree = "<group>";
		};
		20F44746191EDB0100376455 /* MainMenu.xib */ = {
			isa = PBXVariantGroup;
			children = (
				20F44745191EDB0100376455 /* en */,
			);
			name = MainMenu.xib;
			sourceTree = "<group>";
		};
/* End PBXVariantGroup section */

/* Begin XCBuildConfiguration section */
		20559D22198F168800EAB658 /* Debug */ = {
			isa = XCBuildConfiguration;
			buildSettings = {
				CLANG_CXX_LIBRARY = "libc++";
				CLANG_ENABLE_MODULES = YES;
				CLANG_WARN_BOOL_CONVERSION = YES;
				CLANG_WARN_CONSTANT_CONVERSION = YES;
				CLANG_WARN_DIRECT_OBJC_ISA_USAGE = YES_ERROR;
				CLANG_WARN_EMPTY_BODY = YES;
				CLANG_WARN_ENUM_CONVERSION = YES;
				CLANG_WARN_INT_CONVERSION = YES;
				CLANG_WARN_OBJC_ROOT_CLASS = YES_ERROR;
				COMBINE_HIDPI_IMAGES = YES;
				GCC_PRECOMPILE_PREFIX_HEADER = YES;
				GCC_PREFIX_HEADER = "Square/Square-Prefix.pch";
				GCC_PREPROCESSOR_DEFINITIONS = (
					"DEBUG=1",
					"$(inherited)",
				);
				GCC_WARN_ABOUT_RETURN_TYPE = YES_ERROR;
				GCC_WARN_UNDECLARED_SELECTOR = YES;
				GCC_WARN_UNINITIALIZED_AUTOS = YES_AGGRESSIVE;
				GCC_WARN_UNUSED_FUNCTION = YES;
				INFOPLIST_FILE = "Square/Square-Info.plist";
				PRODUCT_NAME = "$(TARGET_NAME)";
				WRAPPER_EXTENSION = app;
			};
			name = Debug;
		};
		20559D23198F168800EAB658 /* Release */ = {
			isa = XCBuildConfiguration;
			buildSettings = {
				CLANG_CXX_LIBRARY = "libc++";
				CLANG_ENABLE_MODULES = YES;
				CLANG_WARN_BOOL_CONVERSION = YES;
				CLANG_WARN_CONSTANT_CONVERSION = YES;
				CLANG_WARN_DIRECT_OBJC_ISA_USAGE = YES_ERROR;
				CLANG_WARN_EMPTY_BODY = YES;
				CLANG_WARN_ENUM_CONVERSION = YES;
				CLANG_WARN_INT_CONVERSION = YES;
				CLANG_WARN_OBJC_ROOT_CLASS = YES_ERROR;
				COMBINE_HIDPI_IMAGES = YES;
				ENABLE_NS_ASSERTIONS = NO;
				GCC_PRECOMPILE_PREFIX_HEADER = YES;
				GCC_PREFIX_HEADER = "Square/Square-Prefix.pch";
				GCC_WARN_ABOUT_RETURN_TYPE = YES_ERROR;
				GCC_WARN_UNDECLARED_SELECTOR = YES;
				GCC_WARN_UNINITIALIZED_AUTOS = YES_AGGRESSIVE;
				GCC_WARN_UNUSED_FUNCTION = YES;
				INFOPLIST_FILE = "Square/Square-Info.plist";
				PRODUCT_NAME = "$(TARGET_NAME)";
				WRAPPER_EXTENSION = app;
			};
			name = Release;
		};
		20559D64198F1C6400EAB658 /* Debug */ = {
			isa = XCBuildConfiguration;
			buildSettings = {
				CLANG_CXX_LIBRARY = "libc++";
				CLANG_ENABLE_MODULES = YES;
				CLANG_WARN_BOOL_CONVERSION = YES;
				CLANG_WARN_CONSTANT_CONVERSION = YES;
				CLANG_WARN_DIRECT_OBJC_ISA_USAGE = YES_ERROR;
				CLANG_WARN_EMPTY_BODY = YES;
				CLANG_WARN_ENUM_CONVERSION = YES;
				CLANG_WARN_INT_CONVERSION = YES;
				CLANG_WARN_OBJC_ROOT_CLASS = YES_ERROR;
				COMBINE_HIDPI_IMAGES = YES;
				GCC_PRECOMPILE_PREFIX_HEADER = YES;
				GCC_PREFIX_HEADER = "GitHub/GitHub-Prefix.pch";
				GCC_PREPROCESSOR_DEFINITIONS = (
					"DEBUG=1",
					"$(inherited)",
				);
				GCC_WARN_ABOUT_RETURN_TYPE = YES_ERROR;
				GCC_WARN_UNDECLARED_SELECTOR = YES;
				GCC_WARN_UNINITIALIZED_AUTOS = YES_AGGRESSIVE;
				GCC_WARN_UNUSED_FUNCTION = YES;
				INFOPLIST_FILE = "GitHub/GitHub-Info.plist";
				PRODUCT_NAME = "$(TARGET_NAME)";
				WRAPPER_EXTENSION = app;
			};
			name = Debug;
		};
		20559D65198F1C6400EAB658 /* Release */ = {
			isa = XCBuildConfiguration;
			buildSettings = {
				CLANG_CXX_LIBRARY = "libc++";
				CLANG_ENABLE_MODULES = YES;
				CLANG_WARN_BOOL_CONVERSION = YES;
				CLANG_WARN_CONSTANT_CONVERSION = YES;
				CLANG_WARN_DIRECT_OBJC_ISA_USAGE = YES_ERROR;
				CLANG_WARN_EMPTY_BODY = YES;
				CLANG_WARN_ENUM_CONVERSION = YES;
				CLANG_WARN_INT_CONVERSION = YES;
				CLANG_WARN_OBJC_ROOT_CLASS = YES_ERROR;
				COMBINE_HIDPI_IMAGES = YES;
				ENABLE_NS_ASSERTIONS = NO;
				GCC_PRECOMPILE_PREFIX_HEADER = YES;
				GCC_PREFIX_HEADER = "GitHub/GitHub-Prefix.pch";
				GCC_WARN_ABOUT_RETURN_TYPE = YES_ERROR;
				GCC_WARN_UNDECLARED_SELECTOR = YES;
				GCC_WARN_UNINITIALIZED_AUTOS = YES_AGGRESSIVE;
				GCC_WARN_UNUSED_FUNCTION = YES;
				INFOPLIST_FILE = "GitHub/GitHub-Info.plist";
				PRODUCT_NAME = "$(TARGET_NAME)";
				WRAPPER_EXTENSION = app;
			};
			name = Release;
		};
		20559DA0198F1D4B00EAB658 /* Debug */ = {
			isa = XCBuildConfiguration;
			buildSettings = {
				CLANG_CXX_LIBRARY = "libc++";
				CLANG_ENABLE_MODULES = YES;
				CLANG_WARN_BOOL_CONVERSION = YES;
				CLANG_WARN_CONSTANT_CONVERSION = YES;
				CLANG_WARN_DIRECT_OBJC_ISA_USAGE = YES_ERROR;
				CLANG_WARN_EMPTY_BODY = YES;
				CLANG_WARN_ENUM_CONVERSION = YES;
				CLANG_WARN_INT_CONVERSION = YES;
				CLANG_WARN_OBJC_ROOT_CLASS = YES_ERROR;
				COMBINE_HIDPI_IMAGES = YES;
				GCC_PRECOMPILE_PREFIX_HEADER = YES;
				GCC_PREFIX_HEADER = "Reddit/Reddit-Prefix.pch";
				GCC_PREPROCESSOR_DEFINITIONS = (
					"DEBUG=1",
					"$(inherited)",
				);
				GCC_WARN_ABOUT_RETURN_TYPE = YES_ERROR;
				GCC_WARN_UNDECLARED_SELECTOR = YES;
				GCC_WARN_UNINITIALIZED_AUTOS = YES_AGGRESSIVE;
				GCC_WARN_UNUSED_FUNCTION = YES;
				INFOPLIST_FILE = "Reddit/Reddit-Info.plist";
				PRODUCT_NAME = "$(TARGET_NAME)";
				WRAPPER_EXTENSION = app;
			};
			name = Debug;
		};
		20559DA1198F1D4B00EAB658 /* Release */ = {
			isa = XCBuildConfiguration;
			buildSettings = {
				CLANG_CXX_LIBRARY = "libc++";
				CLANG_ENABLE_MODULES = YES;
				CLANG_WARN_BOOL_CONVERSION = YES;
				CLANG_WARN_CONSTANT_CONVERSION = YES;
				CLANG_WARN_DIRECT_OBJC_ISA_USAGE = YES_ERROR;
				CLANG_WARN_EMPTY_BODY = YES;
				CLANG_WARN_ENUM_CONVERSION = YES;
				CLANG_WARN_INT_CONVERSION = YES;
				CLANG_WARN_OBJC_ROOT_CLASS = YES_ERROR;
				COMBINE_HIDPI_IMAGES = YES;
				ENABLE_NS_ASSERTIONS = NO;
				GCC_PRECOMPILE_PREFIX_HEADER = YES;
				GCC_PREFIX_HEADER = "Reddit/Reddit-Prefix.pch";
				GCC_WARN_ABOUT_RETURN_TYPE = YES_ERROR;
				GCC_WARN_UNDECLARED_SELECTOR = YES;
				GCC_WARN_UNINITIALIZED_AUTOS = YES_AGGRESSIVE;
				GCC_WARN_UNUSED_FUNCTION = YES;
				INFOPLIST_FILE = "Reddit/Reddit-Info.plist";
				PRODUCT_NAME = "$(TARGET_NAME)";
				WRAPPER_EXTENSION = app;
			};
			name = Release;
		};
		207F8247191E049C00F05A03 /* Debug */ = {
			isa = XCBuildConfiguration;
			buildSettings = {
				CLANG_CXX_LIBRARY = "libc++";
				CLANG_ENABLE_MODULES = YES;
				CLANG_WARN_BOOL_CONVERSION = YES;
				CLANG_WARN_CONSTANT_CONVERSION = YES;
				CLANG_WARN_DIRECT_OBJC_ISA_USAGE = YES_ERROR;
				CLANG_WARN_EMPTY_BODY = YES;
				CLANG_WARN_ENUM_CONVERSION = YES;
				CLANG_WARN_INT_CONVERSION = YES;
				CLANG_WARN_OBJC_ROOT_CLASS = YES_ERROR;
				COMBINE_HIDPI_IMAGES = YES;
				GCC_PRECOMPILE_PREFIX_HEADER = YES;
				GCC_PREFIX_HEADER = "Automatic/Automatic-Prefix.pch";
				GCC_PREPROCESSOR_DEFINITIONS = (
					"DEBUG=1",
					"$(inherited)",
				);
				GCC_WARN_ABOUT_RETURN_TYPE = YES_ERROR;
				GCC_WARN_UNDECLARED_SELECTOR = YES;
				GCC_WARN_UNINITIALIZED_AUTOS = YES_AGGRESSIVE;
				GCC_WARN_UNUSED_FUNCTION = YES;
				INFOPLIST_FILE = "Automatic/Automatic-Info.plist";
				PRODUCT_NAME = "$(TARGET_NAME)";
				WRAPPER_EXTENSION = app;
			};
			name = Debug;
		};
		207F8248191E049C00F05A03 /* Release */ = {
			isa = XCBuildConfiguration;
			buildSettings = {
				CLANG_CXX_LIBRARY = "libc++";
				CLANG_ENABLE_MODULES = YES;
				CLANG_WARN_BOOL_CONVERSION = YES;
				CLANG_WARN_CONSTANT_CONVERSION = YES;
				CLANG_WARN_DIRECT_OBJC_ISA_USAGE = YES_ERROR;
				CLANG_WARN_EMPTY_BODY = YES;
				CLANG_WARN_ENUM_CONVERSION = YES;
				CLANG_WARN_INT_CONVERSION = YES;
				CLANG_WARN_OBJC_ROOT_CLASS = YES_ERROR;
				COMBINE_HIDPI_IMAGES = YES;
				ENABLE_NS_ASSERTIONS = NO;
				GCC_PRECOMPILE_PREFIX_HEADER = YES;
				GCC_PREFIX_HEADER = "Automatic/Automatic-Prefix.pch";
				GCC_WARN_ABOUT_RETURN_TYPE = YES_ERROR;
				GCC_WARN_UNDECLARED_SELECTOR = YES;
				GCC_WARN_UNINITIALIZED_AUTOS = YES_AGGRESSIVE;
				GCC_WARN_UNUSED_FUNCTION = YES;
				INFOPLIST_FILE = "Automatic/Automatic-Info.plist";
				PRODUCT_NAME = "$(TARGET_NAME)";
				WRAPPER_EXTENSION = app;
			};
			name = Release;
		};
		2081C0E4198F1E38008D9CAD /* Debug */ = {
			isa = XCBuildConfiguration;
			buildSettings = {
				CLANG_CXX_LIBRARY = "libc++";
				CLANG_ENABLE_MODULES = YES;
				CLANG_WARN_BOOL_CONVERSION = YES;
				CLANG_WARN_CONSTANT_CONVERSION = YES;
				CLANG_WARN_DIRECT_OBJC_ISA_USAGE = YES_ERROR;
				CLANG_WARN_EMPTY_BODY = YES;
				CLANG_WARN_ENUM_CONVERSION = YES;
				CLANG_WARN_INT_CONVERSION = YES;
				CLANG_WARN_OBJC_ROOT_CLASS = YES_ERROR;
				COMBINE_HIDPI_IMAGES = YES;
				GCC_PRECOMPILE_PREFIX_HEADER = YES;
				GCC_PREFIX_HEADER = "Uber/Uber-Prefix.pch";
				GCC_PREPROCESSOR_DEFINITIONS = (
					"DEBUG=1",
					"$(inherited)",
				);
				GCC_WARN_ABOUT_RETURN_TYPE = YES_ERROR;
				GCC_WARN_UNDECLARED_SELECTOR = YES;
				GCC_WARN_UNINITIALIZED_AUTOS = YES_AGGRESSIVE;
				GCC_WARN_UNUSED_FUNCTION = YES;
				INFOPLIST_FILE = "Uber/Uber-Info.plist";
				PRODUCT_NAME = "$(TARGET_NAME)";
				WRAPPER_EXTENSION = app;
			};
			name = Debug;
		};
		2081C0E5198F1E38008D9CAD /* Release */ = {
			isa = XCBuildConfiguration;
			buildSettings = {
				CLANG_CXX_LIBRARY = "libc++";
				CLANG_ENABLE_MODULES = YES;
				CLANG_WARN_BOOL_CONVERSION = YES;
				CLANG_WARN_CONSTANT_CONVERSION = YES;
				CLANG_WARN_DIRECT_OBJC_ISA_USAGE = YES_ERROR;
				CLANG_WARN_EMPTY_BODY = YES;
				CLANG_WARN_ENUM_CONVERSION = YES;
				CLANG_WARN_INT_CONVERSION = YES;
				CLANG_WARN_OBJC_ROOT_CLASS = YES_ERROR;
				COMBINE_HIDPI_IMAGES = YES;
				ENABLE_NS_ASSERTIONS = NO;
				GCC_PRECOMPILE_PREFIX_HEADER = YES;
				GCC_PREFIX_HEADER = "Uber/Uber-Prefix.pch";
				GCC_WARN_ABOUT_RETURN_TYPE = YES_ERROR;
				GCC_WARN_UNDECLARED_SELECTOR = YES;
				GCC_WARN_UNINITIALIZED_AUTOS = YES_AGGRESSIVE;
				GCC_WARN_UNUSED_FUNCTION = YES;
				INFOPLIST_FILE = "Uber/Uber-Info.plist";
				PRODUCT_NAME = "$(TARGET_NAME)";
				WRAPPER_EXTENSION = app;
			};
			name = Release;
		};
		20C466E21956172800293C0A /* Debug */ = {
			isa = XCBuildConfiguration;
			buildSettings = {
				CLANG_CXX_LIBRARY = "libc++";
				CLANG_ENABLE_MODULES = YES;
				CLANG_WARN_BOOL_CONVERSION = YES;
				CLANG_WARN_CONSTANT_CONVERSION = YES;
				CLANG_WARN_DIRECT_OBJC_ISA_USAGE = YES_ERROR;
				CLANG_WARN_EMPTY_BODY = YES;
				CLANG_WARN_ENUM_CONVERSION = YES;
				CLANG_WARN_INT_CONVERSION = YES;
				CLANG_WARN_OBJC_ROOT_CLASS = YES_ERROR;
				COMBINE_HIDPI_IMAGES = YES;
				GCC_PRECOMPILE_PREFIX_HEADER = YES;
				GCC_PREFIX_HEADER = "IFTTT/IFTTT-Prefix.pch";
				GCC_PREPROCESSOR_DEFINITIONS = (
					"DEBUG=1",
					"$(inherited)",
				);
				GCC_WARN_ABOUT_RETURN_TYPE = YES_ERROR;
				GCC_WARN_UNDECLARED_SELECTOR = YES;
				GCC_WARN_UNINITIALIZED_AUTOS = YES_AGGRESSIVE;
				GCC_WARN_UNUSED_FUNCTION = YES;
				INFOPLIST_FILE = "IFTTT/IFTTT-Info.plist";
				PRODUCT_NAME = "$(TARGET_NAME)";
				WRAPPER_EXTENSION = app;
			};
			name = Debug;
		};
		20C466E31956172800293C0A /* Release */ = {
			isa = XCBuildConfiguration;
			buildSettings = {
				CLANG_CXX_LIBRARY = "libc++";
				CLANG_ENABLE_MODULES = YES;
				CLANG_WARN_BOOL_CONVERSION = YES;
				CLANG_WARN_CONSTANT_CONVERSION = YES;
				CLANG_WARN_DIRECT_OBJC_ISA_USAGE = YES_ERROR;
				CLANG_WARN_EMPTY_BODY = YES;
				CLANG_WARN_ENUM_CONVERSION = YES;
				CLANG_WARN_INT_CONVERSION = YES;
				CLANG_WARN_OBJC_ROOT_CLASS = YES_ERROR;
				COMBINE_HIDPI_IMAGES = YES;
				ENABLE_NS_ASSERTIONS = NO;
				GCC_PRECOMPILE_PREFIX_HEADER = YES;
				GCC_PREFIX_HEADER = "IFTTT/IFTTT-Prefix.pch";
				GCC_WARN_ABOUT_RETURN_TYPE = YES_ERROR;
				GCC_WARN_UNDECLARED_SELECTOR = YES;
				GCC_WARN_UNINITIALIZED_AUTOS = YES_AGGRESSIVE;
				GCC_WARN_UNUSED_FUNCTION = YES;
				INFOPLIST_FILE = "IFTTT/IFTTT-Info.plist";
				PRODUCT_NAME = "$(TARGET_NAME)";
				WRAPPER_EXTENSION = app;
			};
			name = Release;
		};
		20F22A26195610AA005DB602 /* Debug */ = {
			isa = XCBuildConfiguration;
			buildSettings = {
				CLANG_CXX_LIBRARY = "libc++";
				CLANG_ENABLE_MODULES = YES;
				CLANG_WARN_BOOL_CONVERSION = YES;
				CLANG_WARN_CONSTANT_CONVERSION = YES;
				CLANG_WARN_DIRECT_OBJC_ISA_USAGE = YES_ERROR;
				CLANG_WARN_EMPTY_BODY = YES;
				CLANG_WARN_ENUM_CONVERSION = YES;
				CLANG_WARN_INT_CONVERSION = YES;
				CLANG_WARN_OBJC_ROOT_CLASS = YES_ERROR;
				COMBINE_HIDPI_IMAGES = YES;
				GCC_PRECOMPILE_PREFIX_HEADER = YES;
				GCC_PREFIX_HEADER = "Wells Fargo/Wells Fargo-Prefix.pch";
				GCC_PREPROCESSOR_DEFINITIONS = (
					"DEBUG=1",
					"$(inherited)",
				);
				GCC_WARN_ABOUT_RETURN_TYPE = YES_ERROR;
				GCC_WARN_UNDECLARED_SELECTOR = YES;
				GCC_WARN_UNINITIALIZED_AUTOS = YES_AGGRESSIVE;
				GCC_WARN_UNUSED_FUNCTION = YES;
				INFOPLIST_FILE = "Wells Fargo/Wells Fargo-Info.plist";
				PRODUCT_NAME = "$(TARGET_NAME)";
				WRAPPER_EXTENSION = app;
			};
			name = Debug;
		};
		20F22A27195610AA005DB602 /* Release */ = {
			isa = XCBuildConfiguration;
			buildSettings = {
				CLANG_CXX_LIBRARY = "libc++";
				CLANG_ENABLE_MODULES = YES;
				CLANG_WARN_BOOL_CONVERSION = YES;
				CLANG_WARN_CONSTANT_CONVERSION = YES;
				CLANG_WARN_DIRECT_OBJC_ISA_USAGE = YES_ERROR;
				CLANG_WARN_EMPTY_BODY = YES;
				CLANG_WARN_ENUM_CONVERSION = YES;
				CLANG_WARN_INT_CONVERSION = YES;
				CLANG_WARN_OBJC_ROOT_CLASS = YES_ERROR;
				COMBINE_HIDPI_IMAGES = YES;
				ENABLE_NS_ASSERTIONS = NO;
				GCC_PRECOMPILE_PREFIX_HEADER = YES;
				GCC_PREFIX_HEADER = "Wells Fargo/Wells Fargo-Prefix.pch";
				GCC_WARN_ABOUT_RETURN_TYPE = YES_ERROR;
				GCC_WARN_UNDECLARED_SELECTOR = YES;
				GCC_WARN_UNINITIALIZED_AUTOS = YES_AGGRESSIVE;
				GCC_WARN_UNUSED_FUNCTION = YES;
				INFOPLIST_FILE = "Wells Fargo/Wells Fargo-Info.plist";
				PRODUCT_NAME = "$(TARGET_NAME)";
				WRAPPER_EXTENSION = app;
			};
			name = Release;
		};
		20F44733191ED4AD00376455 /* Debug */ = {
			isa = XCBuildConfiguration;
			buildSettings = {
				CLANG_CXX_LIBRARY = "libc++";
				CLANG_ENABLE_MODULES = YES;
				CLANG_WARN_BOOL_CONVERSION = YES;
				CLANG_WARN_CONSTANT_CONVERSION = YES;
				CLANG_WARN_DIRECT_OBJC_ISA_USAGE = YES_ERROR;
				CLANG_WARN_EMPTY_BODY = YES;
				CLANG_WARN_ENUM_CONVERSION = YES;
				CLANG_WARN_INT_CONVERSION = YES;
				CLANG_WARN_OBJC_ROOT_CLASS = YES_ERROR;
				COMBINE_HIDPI_IMAGES = YES;
				GCC_PRECOMPILE_PREFIX_HEADER = YES;
				GCC_PREFIX_HEADER = "Starbucks/Starbucks-Prefix.pch";
				GCC_PREPROCESSOR_DEFINITIONS = (
					"DEBUG=1",
					"$(inherited)",
				);
				GCC_WARN_ABOUT_RETURN_TYPE = YES_ERROR;
				GCC_WARN_UNDECLARED_SELECTOR = YES;
				GCC_WARN_UNINITIALIZED_AUTOS = YES_AGGRESSIVE;
				GCC_WARN_UNUSED_FUNCTION = YES;
				INFOPLIST_FILE = "Starbucks/Starbucks-Info.plist";
				PRODUCT_NAME = "$(TARGET_NAME)";
				WRAPPER_EXTENSION = app;
			};
			name = Debug;
		};
		20F44734191ED4AD00376455 /* Release */ = {
			isa = XCBuildConfiguration;
			buildSettings = {
				CLANG_CXX_LIBRARY = "libc++";
				CLANG_ENABLE_MODULES = YES;
				CLANG_WARN_BOOL_CONVERSION = YES;
				CLANG_WARN_CONSTANT_CONVERSION = YES;
				CLANG_WARN_DIRECT_OBJC_ISA_USAGE = YES_ERROR;
				CLANG_WARN_EMPTY_BODY = YES;
				CLANG_WARN_ENUM_CONVERSION = YES;
				CLANG_WARN_INT_CONVERSION = YES;
				CLANG_WARN_OBJC_ROOT_CLASS = YES_ERROR;
				COMBINE_HIDPI_IMAGES = YES;
				ENABLE_NS_ASSERTIONS = NO;
				GCC_PRECOMPILE_PREFIX_HEADER = YES;
				GCC_PREFIX_HEADER = "Starbucks/Starbucks-Prefix.pch";
				GCC_WARN_ABOUT_RETURN_TYPE = YES_ERROR;
				GCC_WARN_UNDECLARED_SELECTOR = YES;
				GCC_WARN_UNINITIALIZED_AUTOS = YES_AGGRESSIVE;
				GCC_WARN_UNUSED_FUNCTION = YES;
				INFOPLIST_FILE = "Starbucks/Starbucks-Info.plist";
				PRODUCT_NAME = "$(TARGET_NAME)";
				WRAPPER_EXTENSION = app;
			};
			name = Release;
		};
		5199793015B1F92B003AFC57 /* Debug */ = {
			isa = XCBuildConfiguration;
			buildSettings = {
				ALWAYS_SEARCH_USER_PATHS = NO;
				CLANG_CXX_LANGUAGE_STANDARD = "gnu++0x";
				CLANG_ENABLE_OBJC_ARC = YES;
				CLANG_WARN__DUPLICATE_METHOD_MATCH = YES;
				COPY_PHASE_STRIP = NO;
				GCC_C_LANGUAGE_STANDARD = gnu99;
				GCC_DYNAMIC_NO_PIC = NO;
				GCC_ENABLE_OBJC_EXCEPTIONS = YES;
				GCC_OPTIMIZATION_LEVEL = 0;
				GCC_PREPROCESSOR_DEFINITIONS = (
					"DEBUG=1",
					"$(inherited)",
				);
				GCC_SYMBOLS_PRIVATE_EXTERN = NO;
				GCC_WARN_64_TO_32_BIT_CONVERSION = YES;
				GCC_WARN_ABOUT_RETURN_TYPE = YES;
				GCC_WARN_UNINITIALIZED_AUTOS = YES;
				GCC_WARN_UNUSED_VARIABLE = YES;
				MACOSX_DEPLOYMENT_TARGET = 10.9;
				ONLY_ACTIVE_ARCH = YES;
				SDKROOT = macosx;
			};
			name = Debug;
		};
		5199793115B1F92B003AFC57 /* Release */ = {
			isa = XCBuildConfiguration;
			buildSettings = {
				ALWAYS_SEARCH_USER_PATHS = NO;
				CLANG_CXX_LANGUAGE_STANDARD = "gnu++0x";
				CLANG_ENABLE_OBJC_ARC = YES;
				CLANG_WARN__DUPLICATE_METHOD_MATCH = YES;
				COPY_PHASE_STRIP = YES;
				DEBUG_INFORMATION_FORMAT = "dwarf-with-dsym";
				GCC_C_LANGUAGE_STANDARD = gnu99;
				GCC_ENABLE_OBJC_EXCEPTIONS = YES;
				GCC_WARN_64_TO_32_BIT_CONVERSION = YES;
				GCC_WARN_ABOUT_RETURN_TYPE = YES;
				GCC_WARN_UNINITIALIZED_AUTOS = YES;
				GCC_WARN_UNUSED_VARIABLE = YES;
				MACOSX_DEPLOYMENT_TARGET = 10.9;
				SDKROOT = macosx;
			};
			name = Release;
		};
/* End XCBuildConfiguration section */

/* Begin XCConfigurationList section */
		20559D21198F168800EAB658 /* Build configuration list for PBXNativeTarget "Square" */ = {
			isa = XCConfigurationList;
			buildConfigurations = (
				20559D22198F168800EAB658 /* Debug */,
				20559D23198F168800EAB658 /* Release */,
			);
			defaultConfigurationIsVisible = 0;
			defaultConfigurationName = Release;
		};
		20559D63198F1C6400EAB658 /* Build configuration list for PBXNativeTarget "GitHub" */ = {
			isa = XCConfigurationList;
			buildConfigurations = (
				20559D64198F1C6400EAB658 /* Debug */,
				20559D65198F1C6400EAB658 /* Release */,
			);
			defaultConfigurationIsVisible = 0;
			defaultConfigurationName = Release;
		};
		20559D9F198F1D4B00EAB658 /* Build configuration list for PBXNativeTarget "Reddit" */ = {
			isa = XCConfigurationList;
			buildConfigurations = (
				20559DA0198F1D4B00EAB658 /* Debug */,
				20559DA1198F1D4B00EAB658 /* Release */,
			);
			defaultConfigurationIsVisible = 0;
			defaultConfigurationName = Release;
		};
		207F8246191E049C00F05A03 /* Build configuration list for PBXNativeTarget "Automatic" */ = {
			isa = XCConfigurationList;
			buildConfigurations = (
				207F8247191E049C00F05A03 /* Debug */,
				207F8248191E049C00F05A03 /* Release */,
			);
			defaultConfigurationIsVisible = 0;
			defaultConfigurationName = Release;
		};
		2081C0E3198F1E38008D9CAD /* Build configuration list for PBXNativeTarget "Uber" */ = {
			isa = XCConfigurationList;
			buildConfigurations = (
				2081C0E4198F1E38008D9CAD /* Debug */,
				2081C0E5198F1E38008D9CAD /* Release */,
			);
			defaultConfigurationIsVisible = 0;
			defaultConfigurationName = Release;
		};
		20C466E11956172800293C0A /* Build configuration list for PBXNativeTarget "IFTTT" */ = {
			isa = XCConfigurationList;
			buildConfigurations = (
				20C466E21956172800293C0A /* Debug */,
				20C466E31956172800293C0A /* Release */,
			);
			defaultConfigurationIsVisible = 0;
			defaultConfigurationName = Release;
		};
		20F22A25195610AA005DB602 /* Build configuration list for PBXNativeTarget "Wells Fargo" */ = {
			isa = XCConfigurationList;
			buildConfigurations = (
				20F22A26195610AA005DB602 /* Debug */,
				20F22A27195610AA005DB602 /* Release */,
			);
			defaultConfigurationIsVisible = 0;
			defaultConfigurationName = Release;
		};
		20F44737191ED4AD00376455 /* Build configuration list for PBXNativeTarget "Starbucks" */ = {
			isa = XCConfigurationList;
			buildConfigurations = (
				20F44733191ED4AD00376455 /* Debug */,
				20F44734191ED4AD00376455 /* Release */,
			);
			defaultConfigurationIsVisible = 0;
			defaultConfigurationName = Release;
		};
		5199790E15B1F92B003AFC57 /* Build configuration list for PBXProject "IFTTT-OSX" */ = {
			isa = XCConfigurationList;
			buildConfigurations = (
				5199793015B1F92B003AFC57 /* Debug */,
				5199793115B1F92B003AFC57 /* Release */,
			);
			defaultConfigurationIsVisible = 0;
			defaultConfigurationName = Release;
		};
/* End XCConfigurationList section */
	};
	rootObject = 5199790B15B1F92B003AFC57 /* Project object */;
}
